github.com/lcylpzls/errx v1.5.5 h1:zM4NcWPHmtwhdxjaw8abzryZNgcjGc4qs57QSc5wpLU=
github.com/lcylpzls/errx v1.5.5/go.mod h1:mvjTnKj5gDpNtj/0pftC/ctWH+P1NrNOl1asrij//RM=
github.com/lcylpzls/logx v1.3.3 h1:yfPsSLl1yw2LR7pXrwV7hxpX/SlpIgMaMDCsNU9Fy3A=
github.com/lcylpzls/logx v1.3.3/go.mod h1:0QEYYdTcbaujbK0TOIZcqLkojHS4C7f0m8SoyeAoFq8=
github.com/lcylpzls/testx v1.4.3 h1:0eDjxIyqy1ffpNCNOXBJzogUGRaNBsOgU8BcIs5BUlc=
github.com/lcylpzls/testx v1.4.3/go.mod h1:y+UKgHdKABet7RS3NVRejcWbyF4fXYZ8nmOIeNTWn8I=
