github.com/lcylpzls/errx v1.6.0 h1:8VWT64dAspF+oqx1Y5XMuuZ+fxrYMMTaKq4jUUbKvOI=
github.com/lcylpzls/errx v1.6.0/go.mod h1:XbDAi6/eu4PGoEN+3lPzDW8CkOMKPhKmqVCN2OITZbo=
github.com/lcylpzls/testx v1.4.4 h1:VtgfbtJsRI9ySlfbDDFLglz9cbA8tv1eaV/TPWh31lQ=
github.com/lcylpzls/testx v1.4.4/go.mod h1:6X4rYVZN0CYdG/L//Qf92f5nixcp1NdyCR7iCbItas4=
