github.com/lcylpzls/errx v1.4.0 h1:CdlMZuf2F49PCyUkRROf11i1gHcAI38GTG+kxMAGQWI=
github.com/lcylpzls/errx v1.4.0/go.mod h1:+GcqVS4+6iuHvCELjwpsc1RKrdEtSNz00xq0lFrgdgI=
github.com/lcylpzls/testx v1.2.3 h1:oDhHMQU8j+Y44VOPiXLcwgGcDCICe2mCQRwW8qwKUb4=
github.com/lcylpzls/testx v1.2.3/go.mod h1:Rd8MiIpLu+x1b/PcXv8iUYF4xqkdiiXOF9dF4Pr3rv4=
